
Microsoft Visual Studio Solution File, Format Version 12.00
# Visual Studio 15
VisualStudioVersion = 15.0.27004.2005
MinimumVisualStudioVersion = 10.0.40219.1
Project("{9A19103F-16F7-4668-BE54-9A1E7A4F7556}") = "AcornSharp", "AcornSharp\AcornSharp.Core.csproj", "{1DB585F4-6973-42C2-8B07-EF58A2A85B93}"
EndProject
Project("{9A19103F-16F7-4668-BE54-9A1E7A4F7556}") = "AcornSharp.Cli", "AcornSharp.Cli\AcornSharp.Cli.Core.csproj", "{18C62CCB-057D-4393-B54E-1DB1639A082E}"
EndProject
Global
	GlobalSection(SolutionConfigurationPlatforms) = preSolution
		Debug|Any CPU = Debug|Any CPU
		Release|Any CPU = Release|Any CPU
	EndGlobalSection
	GlobalSection(ProjectConfigurationPlatforms) = postSolution
		{1DB585F4-6973-42C2-8B07-EF58A2A85B93}.Debug|Any CPU.ActiveCfg = Debug|Any CPU
		{1DB585F4-6973-42C2-8B07-EF58A2A85B93}.Debug|Any CPU.Build.0 = Debug|Any CPU
		{1DB585F4-6973-42C2-8B07-EF58A2A85B93}.Release|Any CPU.ActiveCfg = Release|Any CPU
		{1DB585F4-6973-42C2-8B07-EF58A2A85B93}.Release|Any CPU.Build.0 = Release|Any CPU
		{18C62CCB-057D-4393-B54E-1DB1639A082E}.Debug|Any CPU.ActiveCfg = Debug|Any CPU
		{18C62CCB-057D-4393-B54E-1DB1639A082E}.Debug|Any CPU.Build.0 = Debug|Any CPU
		{18C62CCB-057D-4393-B54E-1DB1639A082E}.Release|Any CPU.ActiveCfg = Release|Any CPU
		{18C62CCB-057D-4393-B54E-1DB1639A082E}.Release|Any CPU.Build.0 = Release|Any CPU
	EndGlobalSection
	GlobalSection(SolutionProperties) = preSolution
		HideSolutionNode = FALSE
	EndGlobalSection
	GlobalSection(ExtensibilityGlobals) = postSolution
		SolutionGuid = {F8BAF985-40E1-41B4-BDB4-BAC8A1ACF8FE}
	EndGlobalSection
EndGlobal
