
Microsoft Visual Studio Solution File, Format Version 12.00
# Visual Studio 15
VisualStudioVersion = 15.0.27004.2006
MinimumVisualStudioVersion = 10.0.40219.1
Project("{FAE04EC0-301F-11D3-BF4B-00C04F79EFBC}") = "AcornSharp.Cli.Framework", "AcornSharp.Cli\AcornSharp.Cli.Framework.csproj", "{E369FEBD-BF61-4362-BA4F-EC7E3CDDA367}"
EndProject
Project("{FAE04EC0-301F-11D3-BF4B-00C04F79EFBC}") = "AcornSharp.Framework", "AcornSharp\AcornSharp.Framework.csproj", "{DF45A515-EB67-407D-98D4-939DA28D0A66}"
EndProject
Global
	GlobalSection(SolutionConfigurationPlatforms) = preSolution
		Debug|Any CPU = Debug|Any CPU
		Release|Any CPU = Release|Any CPU
	EndGlobalSection
	GlobalSection(ProjectConfigurationPlatforms) = postSolution
		{E369FEBD-BF61-4362-BA4F-EC7E3CDDA367}.Debug|Any CPU.ActiveCfg = Debug|Any CPU
		{E369FEBD-BF61-4362-BA4F-EC7E3CDDA367}.Debug|Any CPU.Build.0 = Debug|Any CPU
		{E369FEBD-BF61-4362-BA4F-EC7E3CDDA367}.Release|Any CPU.ActiveCfg = Release|Any CPU
		{E369FEBD-BF61-4362-BA4F-EC7E3CDDA367}.Release|Any CPU.Build.0 = Release|Any CPU
		{DF45A515-EB67-407D-98D4-939DA28D0A66}.Debug|Any CPU.ActiveCfg = Debug|Any CPU
		{DF45A515-EB67-407D-98D4-939DA28D0A66}.Debug|Any CPU.Build.0 = Debug|Any CPU
		{DF45A515-EB67-407D-98D4-939DA28D0A66}.Release|Any CPU.ActiveCfg = Release|Any CPU
		{DF45A515-EB67-407D-98D4-939DA28D0A66}.Release|Any CPU.Build.0 = Release|Any CPU
	EndGlobalSection
	GlobalSection(SolutionProperties) = preSolution
		HideSolutionNode = FALSE
	EndGlobalSection
	GlobalSection(ExtensibilityGlobals) = postSolution
		SolutionGuid = {F8BAF985-40E1-41B4-BDB4-BAC8A1ACF8FE}
	EndGlobalSection
EndGlobal
